
Microsoft Visual Studio Solution File, Format Version 12.00
# Visual Studio Version 17
VisualStudioVersion = 17.1.32319.34
MinimumVisualStudioVersion = 10.0.40219.1
Project("{FAE04EC0-301F-11D3-BF4B-00C04F79EFBC}") = "CShop", "CShop\CShop.csproj", "{4DA03268-7A1F-4AC0-89CA-5143FAB608C1}"
EndProject
Project("{2150E333-8FDC-42A3-9474-1A3956D46DE8}") = "Solution Items", "Solution Items", "{54DADD83-150A-4EF2-81D1-1F53078CFB00}"
	ProjectSection(SolutionItems) = preProject
		.editorconfig = .editorconfig
	EndProjectSection
EndProject
Global
	GlobalSection(SolutionConfigurationPlatforms) = preSolution
		Debug|Any CPU = Debug|Any CPU
		Release|Any CPU = Release|Any CPU
	EndGlobalSection
	GlobalSection(ProjectConfigurationPlatforms) = postSolution
		{4DA03268-7A1F-4AC0-89CA-5143FAB608C1}.Debug|Any CPU.ActiveCfg = Debug|Any CPU
		{4DA03268-7A1F-4AC0-89CA-5143FAB608C1}.Debug|Any CPU.Build.0 = Debug|Any CPU
		{4DA03268-7A1F-4AC0-89CA-5143FAB608C1}.Release|Any CPU.ActiveCfg = Release|Any CPU
		{4DA03268-7A1F-4AC0-89CA-5143FAB608C1}.Release|Any CPU.Build.0 = Release|Any CPU
	EndGlobalSection
	GlobalSection(SolutionProperties) = preSolution
		HideSolutionNode = FALSE
	EndGlobalSection
	GlobalSection(ExtensibilityGlobals) = postSolution
		SolutionGuid = {4D3F5273-33F1-4729-A16F-266D3D918815}
	EndGlobalSection
EndGlobal
